
Microsoft Visual Studio Solution File, Format Version 12.00
# Visual Studio 2013
VisualStudioVersion = 12.0.31101.0
MinimumVisualStudioVersion = 10.0.40219.1
Project("{8BC9CEB8-8B4A-11D0-8D11-00A0C91BC942}") = "IPCClient", "IPC\IPCClient\IPCClient.vcxproj", "{2AA1C812-0274-4A27-B316-341FA84D75A0}"
EndProject
Project("{8BC9CEB8-8B4A-11D0-8D11-00A0C91BC942}") = "IPCServer", "IPC\IPCServer\IPCServer.vcxproj", "{55FFE4FC-28C8-4D2C-8278-0DE75D214D23}"
EndProject
Project("{8BC9CEB8-8B4A-11D0-8D11-00A0C91BC942}") = "MultiThreading", "MultiThreading\MultiThreading\MultiThreading.vcxproj", "{27984827-1724-420A-9D97-D2F4A7120A33}"
EndProject
Project("{8BC9CEB8-8B4A-11D0-8D11-00A0C91BC942}") = "MutexOwnImplementation", "SynchronizationObjects\MutexOwnImplementation\MutexOwnImplementation.vcxproj", "{09CE1F6C-E4E5-44E2-8588-49926A287D72}"
EndProject
Project("{2150E333-8FDC-42A3-9474-1A3956D46DE8}") = "STL", "STL", "{EDB81B4A-7FDE-4EE6-A6BD-2A86ECC8F24B}"
EndProject
Project("{8BC9CEB8-8B4A-11D0-8D11-00A0C91BC942}") = "array", "array\array.vcxproj", "{31FF6211-F105-4664-BBDE-D5C492BD4EFB}"
EndProject
Project("{8BC9CEB8-8B4A-11D0-8D11-00A0C91BC942}") = "class", "class\class.vcxproj", "{AE69DCAF-BAFF-4C00-BD87-C0EFB5359593}"
EndProject
Project("{8BC9CEB8-8B4A-11D0-8D11-00A0C91BC942}") = "test", "test\test.vcxproj", "{A4C0F9DA-1E24-4663-9E79-D4E781582832}"
EndProject
Project("{8BC9CEB8-8B4A-11D0-8D11-00A0C91BC942}") = "map", "map\map.vcxproj", "{5ADFCBDC-5EE5-4B01-9537-EAE530F01C64}"
EndProject
Project("{8BC9CEB8-8B4A-11D0-8D11-00A0C91BC942}") = "Tree_BinaryTree_BST_AVL_RedBlackTree", "Tree_BinaryTree_BST_AVL_RedBlackTree\Tree_BinaryTree_BST_AVL_RedBlackTree.vcxproj", "{1AE24D19-EFBE-4442-A67B-5EB53CAB9917}"
EndProject
Project("{8BC9CEB8-8B4A-11D0-8D11-00A0C91BC942}") = "vector", "vector\vector.vcxproj", "{4C5D682A-0E45-4C64-ADC1-3E61E73B522C}"
EndProject
Project("{8BC9CEB8-8B4A-11D0-8D11-00A0C91BC942}") = "input_from_file", "input_from_file\input_from_file.vcxproj", "{3D2CADA3-2636-4B24-A6CB-6D21E365D7CF}"
EndProject
Project("{2150E333-8FDC-42A3-9474-1A3956D46DE8}") = "design_pattern", "design_pattern", "{85804DD9-CA3F-4E35-98BE-CECC95855273}"
EndProject
Project("{8BC9CEB8-8B4A-11D0-8D11-00A0C91BC942}") = "observer_design_pattern", "observer_design_pattern\observer_design_pattern.vcxproj", "{5C71276A-5238-4C18-A524-EF7DDA314B07}"
EndProject
Project("{8BC9CEB8-8B4A-11D0-8D11-00A0C91BC942}") = "adapter_design_pattern", "adapter_design_pattern\adapter_design_pattern.vcxproj", "{FDD416CE-484A-40CF-A198-90445FA5996F}"
EndProject
Project("{2150E333-8FDC-42A3-9474-1A3956D46DE8}") = "systemdesign", "systemdesign", "{40D9B539-7C0C-4CE3-B44A-C5712D865F40}"
EndProject
Project("{8BC9CEB8-8B4A-11D0-8D11-00A0C91BC942}") = "LRU_cache", "LRU_cache\LRU_cache.vcxproj", "{22045632-E8EE-4721-8A5D-73C425519873}"
EndProject
Project("{2150E333-8FDC-42A3-9474-1A3956D46DE8}") = "other_programs", "other_programs", "{978B1D63-4C1E-4198-85D9-FF7877BAE981}"
EndProject
Project("{8BC9CEB8-8B4A-11D0-8D11-00A0C91BC942}") = "deck_shuffle", "deck_shuffle\deck_shuffle.vcxproj", "{36595A26-E948-4589-81F6-05C9CCA5592B}"
EndProject
Project("{2150E333-8FDC-42A3-9474-1A3956D46DE8}") = "Recursion", "Recursion", "{D889D2C0-6F64-4A9C-803C-5A96954BEA6C}"
EndProject
Project("{8BC9CEB8-8B4A-11D0-8D11-00A0C91BC942}") = "simpel_dp_count_problem", "simpel_dp_count_problem\simpel_dp_count_problem.vcxproj", "{0A159EEB-BAE7-4B9F-847C-62F2BCBC6FDA}"
EndProject
Project("{2150E333-8FDC-42A3-9474-1A3956D46DE8}") = "DP", "DP", "{D4A24689-1CAD-4969-9D61-0D8723C8EC1E}"
EndProject
Global
	GlobalSection(SolutionConfigurationPlatforms) = preSolution
		Debug|Mixed Platforms = Debug|Mixed Platforms
		Debug|Win32 = Debug|Win32
		Debug|x64 = Debug|x64
		Release|Mixed Platforms = Release|Mixed Platforms
		Release|Win32 = Release|Win32
		Release|x64 = Release|x64
	EndGlobalSection
	GlobalSection(ProjectConfigurationPlatforms) = postSolution
		{2AA1C812-0274-4A27-B316-341FA84D75A0}.Debug|Mixed Platforms.ActiveCfg = Debug|Win32
		{2AA1C812-0274-4A27-B316-341FA84D75A0}.Debug|Mixed Platforms.Build.0 = Debug|Win32
		{2AA1C812-0274-4A27-B316-341FA84D75A0}.Debug|Win32.ActiveCfg = Debug|Win32
		{2AA1C812-0274-4A27-B316-341FA84D75A0}.Debug|Win32.Build.0 = Debug|Win32
		{2AA1C812-0274-4A27-B316-341FA84D75A0}.Debug|x64.ActiveCfg = Debug|x64
		{2AA1C812-0274-4A27-B316-341FA84D75A0}.Debug|x64.Build.0 = Debug|x64
		{2AA1C812-0274-4A27-B316-341FA84D75A0}.Release|Mixed Platforms.ActiveCfg = Release|Win32
		{2AA1C812-0274-4A27-B316-341FA84D75A0}.Release|Mixed Platforms.Build.0 = Release|Win32
		{2AA1C812-0274-4A27-B316-341FA84D75A0}.Release|Win32.ActiveCfg = Release|Win32
		{2AA1C812-0274-4A27-B316-341FA84D75A0}.Release|Win32.Build.0 = Release|Win32
		{2AA1C812-0274-4A27-B316-341FA84D75A0}.Release|Win32.Deploy.0 = Release|Win32
		{2AA1C812-0274-4A27-B316-341FA84D75A0}.Release|x64.ActiveCfg = Release|x64
		{2AA1C812-0274-4A27-B316-341FA84D75A0}.Release|x64.Build.0 = Release|x64
		{55FFE4FC-28C8-4D2C-8278-0DE75D214D23}.Debug|Mixed Platforms.ActiveCfg = Debug|Win32
		{55FFE4FC-28C8-4D2C-8278-0DE75D214D23}.Debug|Mixed Platforms.Build.0 = Debug|Win32
		{55FFE4FC-28C8-4D2C-8278-0DE75D214D23}.Debug|Win32.ActiveCfg = Debug|Win32
		{55FFE4FC-28C8-4D2C-8278-0DE75D214D23}.Debug|Win32.Build.0 = Debug|Win32
		{55FFE4FC-28C8-4D2C-8278-0DE75D214D23}.Debug|x64.ActiveCfg = Debug|x64
		{55FFE4FC-28C8-4D2C-8278-0DE75D214D23}.Debug|x64.Build.0 = Debug|x64
		{55FFE4FC-28C8-4D2C-8278-0DE75D214D23}.Release|Mixed Platforms.ActiveCfg = Release|Win32
		{55FFE4FC-28C8-4D2C-8278-0DE75D214D23}.Release|Mixed Platforms.Build.0 = Release|Win32
		{55FFE4FC-28C8-4D2C-8278-0DE75D214D23}.Release|Win32.ActiveCfg = Release|Win32
		{55FFE4FC-28C8-4D2C-8278-0DE75D214D23}.Release|Win32.Build.0 = Release|Win32
		{55FFE4FC-28C8-4D2C-8278-0DE75D214D23}.Release|Win32.Deploy.0 = Release|Win32
		{55FFE4FC-28C8-4D2C-8278-0DE75D214D23}.Release|x64.ActiveCfg = Release|x64
		{55FFE4FC-28C8-4D2C-8278-0DE75D214D23}.Release|x64.Build.0 = Release|x64
		{27984827-1724-420A-9D97-D2F4A7120A33}.Debug|Mixed Platforms.ActiveCfg = Debug|Win32
		{27984827-1724-420A-9D97-D2F4A7120A33}.Debug|Mixed Platforms.Build.0 = Debug|Win32
		{27984827-1724-420A-9D97-D2F4A7120A33}.Debug|Win32.ActiveCfg = Debug|x64
		{27984827-1724-420A-9D97-D2F4A7120A33}.Debug|Win32.Build.0 = Debug|x64
		{27984827-1724-420A-9D97-D2F4A7120A33}.Debug|x64.ActiveCfg = Debug|Win32
		{27984827-1724-420A-9D97-D2F4A7120A33}.Debug|x64.Build.0 = Debug|Win32
		{27984827-1724-420A-9D97-D2F4A7120A33}.Release|Mixed Platforms.ActiveCfg = Release|Win32
		{27984827-1724-420A-9D97-D2F4A7120A33}.Release|Mixed Platforms.Build.0 = Release|Win32
		{27984827-1724-420A-9D97-D2F4A7120A33}.Release|Win32.ActiveCfg = Release|Win32
		{27984827-1724-420A-9D97-D2F4A7120A33}.Release|Win32.Build.0 = Release|Win32
		{27984827-1724-420A-9D97-D2F4A7120A33}.Release|x64.ActiveCfg = Release|Win32
		{09CE1F6C-E4E5-44E2-8588-49926A287D72}.Debug|Mixed Platforms.ActiveCfg = Debug|Win32
		{09CE1F6C-E4E5-44E2-8588-49926A287D72}.Debug|Mixed Platforms.Build.0 = Debug|Win32
		{09CE1F6C-E4E5-44E2-8588-49926A287D72}.Debug|Win32.ActiveCfg = Debug|Win32
		{09CE1F6C-E4E5-44E2-8588-49926A287D72}.Debug|Win32.Build.0 = Debug|Win32
		{09CE1F6C-E4E5-44E2-8588-49926A287D72}.Debug|x64.ActiveCfg = Debug|x64
		{09CE1F6C-E4E5-44E2-8588-49926A287D72}.Debug|x64.Build.0 = Debug|x64
		{09CE1F6C-E4E5-44E2-8588-49926A287D72}.Release|Mixed Platforms.ActiveCfg = Release|Win32
		{09CE1F6C-E4E5-44E2-8588-49926A287D72}.Release|Mixed Platforms.Build.0 = Release|Win32
		{09CE1F6C-E4E5-44E2-8588-49926A287D72}.Release|Win32.ActiveCfg = Release|Win32
		{09CE1F6C-E4E5-44E2-8588-49926A287D72}.Release|Win32.Build.0 = Release|Win32
		{09CE1F6C-E4E5-44E2-8588-49926A287D72}.Release|x64.ActiveCfg = Release|Win32
		{31FF6211-F105-4664-BBDE-D5C492BD4EFB}.Debug|Mixed Platforms.ActiveCfg = Debug|Win32
		{31FF6211-F105-4664-BBDE-D5C492BD4EFB}.Debug|Mixed Platforms.Build.0 = Debug|Win32
		{31FF6211-F105-4664-BBDE-D5C492BD4EFB}.Debug|Win32.ActiveCfg = Debug|Win32
		{31FF6211-F105-4664-BBDE-D5C492BD4EFB}.Debug|Win32.Build.0 = Debug|Win32
		{31FF6211-F105-4664-BBDE-D5C492BD4EFB}.Debug|x64.ActiveCfg = Debug|x64
		{31FF6211-F105-4664-BBDE-D5C492BD4EFB}.Debug|x64.Build.0 = Debug|x64
		{31FF6211-F105-4664-BBDE-D5C492BD4EFB}.Release|Mixed Platforms.ActiveCfg = Release|Win32
		{31FF6211-F105-4664-BBDE-D5C492BD4EFB}.Release|Mixed Platforms.Build.0 = Release|Win32
		{31FF6211-F105-4664-BBDE-D5C492BD4EFB}.Release|Win32.ActiveCfg = Release|Win32
		{31FF6211-F105-4664-BBDE-D5C492BD4EFB}.Release|Win32.Build.0 = Release|Win32
		{31FF6211-F105-4664-BBDE-D5C492BD4EFB}.Release|x64.ActiveCfg = Release|Win32
		{AE69DCAF-BAFF-4C00-BD87-C0EFB5359593}.Debug|Mixed Platforms.ActiveCfg = Debug|Win32
		{AE69DCAF-BAFF-4C00-BD87-C0EFB5359593}.Debug|Mixed Platforms.Build.0 = Debug|Win32
		{AE69DCAF-BAFF-4C00-BD87-C0EFB5359593}.Debug|Win32.ActiveCfg = Debug|Win32
		{AE69DCAF-BAFF-4C00-BD87-C0EFB5359593}.Debug|Win32.Build.0 = Debug|Win32
		{AE69DCAF-BAFF-4C00-BD87-C0EFB5359593}.Debug|x64.ActiveCfg = Debug|x64
		{AE69DCAF-BAFF-4C00-BD87-C0EFB5359593}.Debug|x64.Build.0 = Debug|x64
		{AE69DCAF-BAFF-4C00-BD87-C0EFB5359593}.Release|Mixed Platforms.ActiveCfg = Release|Win32
		{AE69DCAF-BAFF-4C00-BD87-C0EFB5359593}.Release|Mixed Platforms.Build.0 = Release|Win32
		{AE69DCAF-BAFF-4C00-BD87-C0EFB5359593}.Release|Win32.ActiveCfg = Release|Win32
		{AE69DCAF-BAFF-4C00-BD87-C0EFB5359593}.Release|Win32.Build.0 = Release|Win32
		{AE69DCAF-BAFF-4C00-BD87-C0EFB5359593}.Release|x64.ActiveCfg = Release|Win32
		{A4C0F9DA-1E24-4663-9E79-D4E781582832}.Debug|Mixed Platforms.ActiveCfg = Debug|Win32
		{A4C0F9DA-1E24-4663-9E79-D4E781582832}.Debug|Mixed Platforms.Build.0 = Debug|Win32
		{A4C0F9DA-1E24-4663-9E79-D4E781582832}.Debug|Win32.ActiveCfg = Debug|Win32
		{A4C0F9DA-1E24-4663-9E79-D4E781582832}.Debug|Win32.Build.0 = Debug|Win32
		{A4C0F9DA-1E24-4663-9E79-D4E781582832}.Debug|x64.ActiveCfg = Debug|x64
		{A4C0F9DA-1E24-4663-9E79-D4E781582832}.Release|Mixed Platforms.ActiveCfg = Release|Win32
		{A4C0F9DA-1E24-4663-9E79-D4E781582832}.Release|Mixed Platforms.Build.0 = Release|Win32
		{A4C0F9DA-1E24-4663-9E79-D4E781582832}.Release|Win32.ActiveCfg = Release|Win32
		{A4C0F9DA-1E24-4663-9E79-D4E781582832}.Release|Win32.Build.0 = Release|Win32
		{A4C0F9DA-1E24-4663-9E79-D4E781582832}.Release|x64.ActiveCfg = Release|Win32
		{5ADFCBDC-5EE5-4B01-9537-EAE530F01C64}.Debug|Mixed Platforms.ActiveCfg = Debug|Win32
		{5ADFCBDC-5EE5-4B01-9537-EAE530F01C64}.Debug|Mixed Platforms.Build.0 = Debug|Win32
		{5ADFCBDC-5EE5-4B01-9537-EAE530F01C64}.Debug|Win32.ActiveCfg = Debug|Win32
		{5ADFCBDC-5EE5-4B01-9537-EAE530F01C64}.Debug|Win32.Build.0 = Debug|Win32
		{5ADFCBDC-5EE5-4B01-9537-EAE530F01C64}.Debug|x64.ActiveCfg = Debug|x64
		{5ADFCBDC-5EE5-4B01-9537-EAE530F01C64}.Release|Mixed Platforms.ActiveCfg = Release|Win32
		{5ADFCBDC-5EE5-4B01-9537-EAE530F01C64}.Release|Mixed Platforms.Build.0 = Release|Win32
		{5ADFCBDC-5EE5-4B01-9537-EAE530F01C64}.Release|Win32.ActiveCfg = Release|Win32
		{5ADFCBDC-5EE5-4B01-9537-EAE530F01C64}.Release|Win32.Build.0 = Release|Win32
		{5ADFCBDC-5EE5-4B01-9537-EAE530F01C64}.Release|x64.ActiveCfg = Release|Win32
		{1AE24D19-EFBE-4442-A67B-5EB53CAB9917}.Debug|Mixed Platforms.ActiveCfg = Debug|Win32
		{1AE24D19-EFBE-4442-A67B-5EB53CAB9917}.Debug|Mixed Platforms.Build.0 = Debug|Win32
		{1AE24D19-EFBE-4442-A67B-5EB53CAB9917}.Debug|Win32.ActiveCfg = Debug|Win32
		{1AE24D19-EFBE-4442-A67B-5EB53CAB9917}.Debug|Win32.Build.0 = Debug|Win32
		{1AE24D19-EFBE-4442-A67B-5EB53CAB9917}.Debug|x64.ActiveCfg = Debug|x64
		{1AE24D19-EFBE-4442-A67B-5EB53CAB9917}.Release|Mixed Platforms.ActiveCfg = Release|Win32
		{1AE24D19-EFBE-4442-A67B-5EB53CAB9917}.Release|Mixed Platforms.Build.0 = Release|Win32
		{1AE24D19-EFBE-4442-A67B-5EB53CAB9917}.Release|Win32.ActiveCfg = Release|Win32
		{1AE24D19-EFBE-4442-A67B-5EB53CAB9917}.Release|Win32.Build.0 = Release|Win32
		{1AE24D19-EFBE-4442-A67B-5EB53CAB9917}.Release|x64.ActiveCfg = Release|Win32
		{4C5D682A-0E45-4C64-ADC1-3E61E73B522C}.Debug|Mixed Platforms.ActiveCfg = Debug|Win32
		{4C5D682A-0E45-4C64-ADC1-3E61E73B522C}.Debug|Mixed Platforms.Build.0 = Debug|Win32
		{4C5D682A-0E45-4C64-ADC1-3E61E73B522C}.Debug|Win32.ActiveCfg = Debug|Win32
		{4C5D682A-0E45-4C64-ADC1-3E61E73B522C}.Debug|Win32.Build.0 = Debug|Win32
		{4C5D682A-0E45-4C64-ADC1-3E61E73B522C}.Debug|x64.ActiveCfg = Debug|x64
		{4C5D682A-0E45-4C64-ADC1-3E61E73B522C}.Release|Mixed Platforms.ActiveCfg = Release|Win32
		{4C5D682A-0E45-4C64-ADC1-3E61E73B522C}.Release|Mixed Platforms.Build.0 = Release|Win32
		{4C5D682A-0E45-4C64-ADC1-3E61E73B522C}.Release|Win32.ActiveCfg = Release|Win32
		{4C5D682A-0E45-4C64-ADC1-3E61E73B522C}.Release|Win32.Build.0 = Release|Win32
		{4C5D682A-0E45-4C64-ADC1-3E61E73B522C}.Release|x64.ActiveCfg = Release|Win32
		{3D2CADA3-2636-4B24-A6CB-6D21E365D7CF}.Debug|Mixed Platforms.ActiveCfg = Debug|Win32
		{3D2CADA3-2636-4B24-A6CB-6D21E365D7CF}.Debug|Mixed Platforms.Build.0 = Debug|Win32
		{3D2CADA3-2636-4B24-A6CB-6D21E365D7CF}.Debug|Win32.ActiveCfg = Debug|Win32
		{3D2CADA3-2636-4B24-A6CB-6D21E365D7CF}.Debug|Win32.Build.0 = Debug|Win32
		{3D2CADA3-2636-4B24-A6CB-6D21E365D7CF}.Debug|x64.ActiveCfg = Debug|x64
		{3D2CADA3-2636-4B24-A6CB-6D21E365D7CF}.Release|Mixed Platforms.ActiveCfg = Release|Win32
		{3D2CADA3-2636-4B24-A6CB-6D21E365D7CF}.Release|Mixed Platforms.Build.0 = Release|Win32
		{3D2CADA3-2636-4B24-A6CB-6D21E365D7CF}.Release|Win32.ActiveCfg = Release|Win32
		{3D2CADA3-2636-4B24-A6CB-6D21E365D7CF}.Release|Win32.Build.0 = Release|Win32
		{3D2CADA3-2636-4B24-A6CB-6D21E365D7CF}.Release|x64.ActiveCfg = Release|Win32
		{5C71276A-5238-4C18-A524-EF7DDA314B07}.Debug|Mixed Platforms.ActiveCfg = Debug|Win32
		{5C71276A-5238-4C18-A524-EF7DDA314B07}.Debug|Mixed Platforms.Build.0 = Debug|Win32
		{5C71276A-5238-4C18-A524-EF7DDA314B07}.Debug|Win32.ActiveCfg = Debug|Win32
		{5C71276A-5238-4C18-A524-EF7DDA314B07}.Debug|Win32.Build.0 = Debug|Win32
		{5C71276A-5238-4C18-A524-EF7DDA314B07}.Debug|x64.ActiveCfg = Debug|x64
		{5C71276A-5238-4C18-A524-EF7DDA314B07}.Release|Mixed Platforms.ActiveCfg = Release|Win32
		{5C71276A-5238-4C18-A524-EF7DDA314B07}.Release|Mixed Platforms.Build.0 = Release|Win32
		{5C71276A-5238-4C18-A524-EF7DDA314B07}.Release|Win32.ActiveCfg = Release|Win32
		{5C71276A-5238-4C18-A524-EF7DDA314B07}.Release|Win32.Build.0 = Release|Win32
		{5C71276A-5238-4C18-A524-EF7DDA314B07}.Release|x64.ActiveCfg = Release|Win32
		{FDD416CE-484A-40CF-A198-90445FA5996F}.Debug|Mixed Platforms.ActiveCfg = Debug|Win32
		{FDD416CE-484A-40CF-A198-90445FA5996F}.Debug|Mixed Platforms.Build.0 = Debug|Win32
		{FDD416CE-484A-40CF-A198-90445FA5996F}.Debug|Win32.ActiveCfg = Debug|Win32
		{FDD416CE-484A-40CF-A198-90445FA5996F}.Debug|Win32.Build.0 = Debug|Win32
		{FDD416CE-484A-40CF-A198-90445FA5996F}.Debug|x64.ActiveCfg = Debug|x64
		{FDD416CE-484A-40CF-A198-90445FA5996F}.Release|Mixed Platforms.ActiveCfg = Release|Win32
		{FDD416CE-484A-40CF-A198-90445FA5996F}.Release|Mixed Platforms.Build.0 = Release|Win32
		{FDD416CE-484A-40CF-A198-90445FA5996F}.Release|Win32.ActiveCfg = Release|Win32
		{FDD416CE-484A-40CF-A198-90445FA5996F}.Release|Win32.Build.0 = Release|Win32
		{FDD416CE-484A-40CF-A198-90445FA5996F}.Release|x64.ActiveCfg = Release|Win32
		{22045632-E8EE-4721-8A5D-73C425519873}.Debug|Mixed Platforms.ActiveCfg = Debug|Win32
		{22045632-E8EE-4721-8A5D-73C425519873}.Debug|Mixed Platforms.Build.0 = Debug|Win32
		{22045632-E8EE-4721-8A5D-73C425519873}.Debug|Win32.ActiveCfg = Debug|Win32
		{22045632-E8EE-4721-8A5D-73C425519873}.Debug|Win32.Build.0 = Debug|Win32
		{22045632-E8EE-4721-8A5D-73C425519873}.Debug|x64.ActiveCfg = Debug|x64
		{22045632-E8EE-4721-8A5D-73C425519873}.Release|Mixed Platforms.ActiveCfg = Release|Win32
		{22045632-E8EE-4721-8A5D-73C425519873}.Release|Mixed Platforms.Build.0 = Release|Win32
		{22045632-E8EE-4721-8A5D-73C425519873}.Release|Win32.ActiveCfg = Release|Win32
		{22045632-E8EE-4721-8A5D-73C425519873}.Release|Win32.Build.0 = Release|Win32
		{22045632-E8EE-4721-8A5D-73C425519873}.Release|x64.ActiveCfg = Release|Win32
		{36595A26-E948-4589-81F6-05C9CCA5592B}.Debug|Mixed Platforms.ActiveCfg = Debug|Win32
		{36595A26-E948-4589-81F6-05C9CCA5592B}.Debug|Mixed Platforms.Build.0 = Debug|Win32
		{36595A26-E948-4589-81F6-05C9CCA5592B}.Debug|Win32.ActiveCfg = Debug|Win32
		{36595A26-E948-4589-81F6-05C9CCA5592B}.Debug|Win32.Build.0 = Debug|Win32
		{36595A26-E948-4589-81F6-05C9CCA5592B}.Debug|x64.ActiveCfg = Debug|x64
		{36595A26-E948-4589-81F6-05C9CCA5592B}.Release|Mixed Platforms.ActiveCfg = Release|Win32
		{36595A26-E948-4589-81F6-05C9CCA5592B}.Release|Mixed Platforms.Build.0 = Release|Win32
		{36595A26-E948-4589-81F6-05C9CCA5592B}.Release|Win32.ActiveCfg = Release|Win32
		{36595A26-E948-4589-81F6-05C9CCA5592B}.Release|Win32.Build.0 = Release|Win32
		{36595A26-E948-4589-81F6-05C9CCA5592B}.Release|x64.ActiveCfg = Release|Win32
		{0A159EEB-BAE7-4B9F-847C-62F2BCBC6FDA}.Debug|Mixed Platforms.ActiveCfg = Debug|Win32
		{0A159EEB-BAE7-4B9F-847C-62F2BCBC6FDA}.Debug|Mixed Platforms.Build.0 = Debug|Win32
		{0A159EEB-BAE7-4B9F-847C-62F2BCBC6FDA}.Debug|Win32.ActiveCfg = Debug|Win32
		{0A159EEB-BAE7-4B9F-847C-62F2BCBC6FDA}.Debug|Win32.Build.0 = Debug|Win32
		{0A159EEB-BAE7-4B9F-847C-62F2BCBC6FDA}.Debug|x64.ActiveCfg = Debug|x64
		{0A159EEB-BAE7-4B9F-847C-62F2BCBC6FDA}.Release|Mixed Platforms.ActiveCfg = Release|Win32
		{0A159EEB-BAE7-4B9F-847C-62F2BCBC6FDA}.Release|Mixed Platforms.Build.0 = Release|Win32
		{0A159EEB-BAE7-4B9F-847C-62F2BCBC6FDA}.Release|Win32.ActiveCfg = Release|Win32
		{0A159EEB-BAE7-4B9F-847C-62F2BCBC6FDA}.Release|Win32.Build.0 = Release|Win32
		{0A159EEB-BAE7-4B9F-847C-62F2BCBC6FDA}.Release|x64.ActiveCfg = Release|Win32
	EndGlobalSection
	GlobalSection(SolutionProperties) = preSolution
		HideSolutionNode = FALSE
	EndGlobalSection
	GlobalSection(NestedProjects) = preSolution
		{31FF6211-F105-4664-BBDE-D5C492BD4EFB} = {EDB81B4A-7FDE-4EE6-A6BD-2A86ECC8F24B}
		{AE69DCAF-BAFF-4C00-BD87-C0EFB5359593} = {EDB81B4A-7FDE-4EE6-A6BD-2A86ECC8F24B}
		{4C5D682A-0E45-4C64-ADC1-3E61E73B522C} = {EDB81B4A-7FDE-4EE6-A6BD-2A86ECC8F24B}
		{5C71276A-5238-4C18-A524-EF7DDA314B07} = {85804DD9-CA3F-4E35-98BE-CECC95855273}
		{FDD416CE-484A-40CF-A198-90445FA5996F} = {85804DD9-CA3F-4E35-98BE-CECC95855273}
		{22045632-E8EE-4721-8A5D-73C425519873} = {40D9B539-7C0C-4CE3-B44A-C5712D865F40}
		{36595A26-E948-4589-81F6-05C9CCA5592B} = {978B1D63-4C1E-4198-85D9-FF7877BAE981}
		{0A159EEB-BAE7-4B9F-847C-62F2BCBC6FDA} = {D889D2C0-6F64-4A9C-803C-5A96954BEA6C}
		{D4A24689-1CAD-4969-9D61-0D8723C8EC1E} = {D889D2C0-6F64-4A9C-803C-5A96954BEA6C}
	EndGlobalSection
EndGlobal
